
Microsoft Visual Studio Solution File, Format Version 12.00
# Visual Studio Version 17
VisualStudioVersion = 17.12.35707.178 d17.12
MinimumVisualStudioVersion = 10.0.40219.1
Project("{2150E333-8FDC-42A3-9474-1A3956D46DE8}") = "Frontend", "Frontend", "{32DF7FAD-6C6D-47F8-B09C-33F5302BA8FC}"
EndProject
Project("{2150E333-8FDC-42A3-9474-1A3956D46DE8}") = "Gateway", "Gateway", "{D2222F36-D467-4A3C-83CD-A4818EF73ABD}"
EndProject
Project("{2150E333-8FDC-42A3-9474-1A3956D46DE8}") = "Integration", "Integration", "{146F629E-B03F-45A0-93C2-172EFD3EF2CC}"
EndProject
Project("{2150E333-8FDC-42A3-9474-1A3956D46DE8}") = "Services", "Services", "{8F3B14CA-172F-42B5-BD8B-4F7B45ABDC65}"
EndProject
Project("{FAE04EC0-301F-11D3-BF4B-00C04F79EFBC}") = "Mango.Services.CouponAPI", "Mango.Services.CouponAPI\Mango.Services.CouponAPI.csproj", "{9C57F2A6-2206-42FE-979A-4DCCB6987C4A}"
EndProject
Global
	GlobalSection(SolutionConfigurationPlatforms) = preSolution
		Debug|Any CPU = Debug|Any CPU
		Release|Any CPU = Release|Any CPU
	EndGlobalSection
	GlobalSection(ProjectConfigurationPlatforms) = postSolution
		{9C57F2A6-2206-42FE-979A-4DCCB6987C4A}.Debug|Any CPU.ActiveCfg = Debug|Any CPU
		{9C57F2A6-2206-42FE-979A-4DCCB6987C4A}.Debug|Any CPU.Build.0 = Debug|Any CPU
		{9C57F2A6-2206-42FE-979A-4DCCB6987C4A}.Release|Any CPU.ActiveCfg = Release|Any CPU
		{9C57F2A6-2206-42FE-979A-4DCCB6987C4A}.Release|Any CPU.Build.0 = Release|Any CPU
	EndGlobalSection
	GlobalSection(SolutionProperties) = preSolution
		HideSolutionNode = FALSE
	EndGlobalSection
	GlobalSection(NestedProjects) = preSolution
		{9C57F2A6-2206-42FE-979A-4DCCB6987C4A} = {8F3B14CA-172F-42B5-BD8B-4F7B45ABDC65}
	EndGlobalSection
EndGlobal
